
Microsoft Visual Studio Solution File, Format Version 12.00
# Visual Studio Version 17
VisualStudioVersion = 17.10.35027.167
MinimumVisualStudioVersion = 10.0.40219.1
Project("{FAE04EC0-301F-11D3-BF4B-00C04F79EFBC}") = "ProyectoAPP_KevinR", "ProyectoAPP_KevinR\ProyectoAPP_KevinR.csproj", "{BE0599D4-F037-48E0-84D6-89F68F12F9A7}"
EndProject
Global
	GlobalSection(SolutionConfigurationPlatforms) = preSolution
		Debug|Any CPU = Debug|Any CPU
		Release|Any CPU = Release|Any CPU
	EndGlobalSection
	GlobalSection(ProjectConfigurationPlatforms) = postSolution
		{BE0599D4-F037-48E0-84D6-89F68F12F9A7}.Debug|Any CPU.ActiveCfg = Debug|Any CPU
		{BE0599D4-F037-48E0-84D6-89F68F12F9A7}.Debug|Any CPU.Build.0 = Debug|Any CPU
		{BE0599D4-F037-48E0-84D6-89F68F12F9A7}.Debug|Any CPU.Deploy.0 = Debug|Any CPU
		{BE0599D4-F037-48E0-84D6-89F68F12F9A7}.Release|Any CPU.ActiveCfg = Release|Any CPU
		{BE0599D4-F037-48E0-84D6-89F68F12F9A7}.Release|Any CPU.Build.0 = Release|Any CPU
		{BE0599D4-F037-48E0-84D6-89F68F12F9A7}.Release|Any CPU.Deploy.0 = Release|Any CPU
	EndGlobalSection
	GlobalSection(SolutionProperties) = preSolution
		HideSolutionNode = FALSE
	EndGlobalSection
	GlobalSection(ExtensibilityGlobals) = postSolution
		SolutionGuid = {AAB12F1B-C6D6-4380-B0E9-8B6198936B71}
	EndGlobalSection
EndGlobal
